
Microsoft Visual Studio Solution File, Format Version 12.00
# Visual Studio 15
Project("{FAE04EC0-301F-11D3-BF4B-00C04F79EFBC}") = "UniRx", "UniRx.csproj", "{C90B3BE1-3916-C178-0BE2-9C9A26A7D637}"
EndProject
Project("{FAE04EC0-301F-11D3-BF4B-00C04F79EFBC}") = "UniRx.Examples", "UniRx.Examples.csproj", "{A9105F93-DE7C-4991-7B2A-A5C6C8C0F890}"
EndProject
Project("{FAE04EC0-301F-11D3-BF4B-00C04F79EFBC}") = "Assembly-CSharp", "Assembly-CSharp.csproj", "{022A8A7B-7DB1-D620-49F9-B0BF21C8EAD4}"
EndProject
Global
	GlobalSection(SolutionConfigurationPlatforms) = preSolution
		Debug|Any CPU = Debug|Any CPU
		Release|Any CPU = Release|Any CPU
	EndGlobalSection
	GlobalSection(ProjectConfigurationPlatforms) = postSolution
		{C90B3BE1-3916-C178-0BE2-9C9A26A7D637}.Debug|Any CPU.ActiveCfg = Debug|Any CPU
		{C90B3BE1-3916-C178-0BE2-9C9A26A7D637}.Debug|Any CPU.Build.0 = Debug|Any CPU
		{C90B3BE1-3916-C178-0BE2-9C9A26A7D637}.Release|Any CPU.ActiveCfg = Release|Any CPU
		{C90B3BE1-3916-C178-0BE2-9C9A26A7D637}.Release|Any CPU.Build.0 = Release|Any CPU
		{A9105F93-DE7C-4991-7B2A-A5C6C8C0F890}.Debug|Any CPU.ActiveCfg = Debug|Any CPU
		{A9105F93-DE7C-4991-7B2A-A5C6C8C0F890}.Debug|Any CPU.Build.0 = Debug|Any CPU
		{A9105F93-DE7C-4991-7B2A-A5C6C8C0F890}.Release|Any CPU.ActiveCfg = Release|Any CPU
		{A9105F93-DE7C-4991-7B2A-A5C6C8C0F890}.Release|Any CPU.Build.0 = Release|Any CPU
		{022A8A7B-7DB1-D620-49F9-B0BF21C8EAD4}.Debug|Any CPU.ActiveCfg = Debug|Any CPU
		{022A8A7B-7DB1-D620-49F9-B0BF21C8EAD4}.Debug|Any CPU.Build.0 = Debug|Any CPU
		{022A8A7B-7DB1-D620-49F9-B0BF21C8EAD4}.Release|Any CPU.ActiveCfg = Release|Any CPU
		{022A8A7B-7DB1-D620-49F9-B0BF21C8EAD4}.Release|Any CPU.Build.0 = Release|Any CPU
	EndGlobalSection
	GlobalSection(SolutionProperties) = preSolution
		HideSolutionNode = FALSE
	EndGlobalSection
EndGlobal
